
Microsoft Visual Studio Solution File, Format Version 12.00
# Visual Studio Version 17
VisualStudioVersion = 17.6.33723.286
MinimumVisualStudioVersion = 10.0.40219.1
Project("{FAE04EC0-301F-11D3-BF4B-00C04F79EFBC}") = "Ejercicio6_20367758.Android", "Ejercicio6_20367758\Ejercicio6_20367758.Android\Ejercicio6_20367758.Android.csproj", "{65D6B889-1330-41CD-AD0B-29E75C1F89E9}"
EndProject
Project("{FAE04EC0-301F-11D3-BF4B-00C04F79EFBC}") = "Ejercicio6_20367758.iOS", "Ejercicio6_20367758\Ejercicio6_20367758.iOS\Ejercicio6_20367758.iOS.csproj", "{6C8D5EDF-DC0B-405E-90B3-45D8A6430C71}"
EndProject
Project("{FAE04EC0-301F-11D3-BF4B-00C04F79EFBC}") = "Ejercicio6_20367758", "Ejercicio6_20367758\Ejercicio6_20367758\Ejercicio6_20367758.csproj", "{47E2B1BF-DAB5-4E9A-8679-E968A5321E18}"
EndProject
Global
	GlobalSection(SolutionConfigurationPlatforms) = preSolution
		Debug|Any CPU = Debug|Any CPU
		Debug|iPhone = Debug|iPhone
		Debug|iPhoneSimulator = Debug|iPhoneSimulator
		Release|Any CPU = Release|Any CPU
		Release|iPhone = Release|iPhone
		Release|iPhoneSimulator = Release|iPhoneSimulator
	EndGlobalSection
	GlobalSection(ProjectConfigurationPlatforms) = postSolution
		{65D6B889-1330-41CD-AD0B-29E75C1F89E9}.Debug|Any CPU.ActiveCfg = Debug|Any CPU
		{65D6B889-1330-41CD-AD0B-29E75C1F89E9}.Debug|Any CPU.Build.0 = Debug|Any CPU
		{65D6B889-1330-41CD-AD0B-29E75C1F89E9}.Debug|Any CPU.Deploy.0 = Debug|Any CPU
		{65D6B889-1330-41CD-AD0B-29E75C1F89E9}.Debug|iPhone.ActiveCfg = Debug|Any CPU
		{65D6B889-1330-41CD-AD0B-29E75C1F89E9}.Debug|iPhone.Build.0 = Debug|Any CPU
		{65D6B889-1330-41CD-AD0B-29E75C1F89E9}.Debug|iPhone.Deploy.0 = Debug|Any CPU
		{65D6B889-1330-41CD-AD0B-29E75C1F89E9}.Debug|iPhoneSimulator.ActiveCfg = Debug|Any CPU
		{65D6B889-1330-41CD-AD0B-29E75C1F89E9}.Debug|iPhoneSimulator.Build.0 = Debug|Any CPU
		{65D6B889-1330-41CD-AD0B-29E75C1F89E9}.Debug|iPhoneSimulator.Deploy.0 = Debug|Any CPU
		{65D6B889-1330-41CD-AD0B-29E75C1F89E9}.Release|Any CPU.ActiveCfg = Release|Any CPU
		{65D6B889-1330-41CD-AD0B-29E75C1F89E9}.Release|Any CPU.Build.0 = Release|Any CPU
		{65D6B889-1330-41CD-AD0B-29E75C1F89E9}.Release|Any CPU.Deploy.0 = Release|Any CPU
		{65D6B889-1330-41CD-AD0B-29E75C1F89E9}.Release|iPhone.ActiveCfg = Release|Any CPU
		{65D6B889-1330-41CD-AD0B-29E75C1F89E9}.Release|iPhone.Build.0 = Release|Any CPU
		{65D6B889-1330-41CD-AD0B-29E75C1F89E9}.Release|iPhone.Deploy.0 = Release|Any CPU
		{65D6B889-1330-41CD-AD0B-29E75C1F89E9}.Release|iPhoneSimulator.ActiveCfg = Release|Any CPU
		{65D6B889-1330-41CD-AD0B-29E75C1F89E9}.Release|iPhoneSimulator.Build.0 = Release|Any CPU
		{65D6B889-1330-41CD-AD0B-29E75C1F89E9}.Release|iPhoneSimulator.Deploy.0 = Release|Any CPU
		{6C8D5EDF-DC0B-405E-90B3-45D8A6430C71}.Debug|Any CPU.ActiveCfg = Debug|iPhone
		{6C8D5EDF-DC0B-405E-90B3-45D8A6430C71}.Debug|Any CPU.Build.0 = Debug|iPhone
		{6C8D5EDF-DC0B-405E-90B3-45D8A6430C71}.Debug|Any CPU.Deploy.0 = Debug|iPhone
		{6C8D5EDF-DC0B-405E-90B3-45D8A6430C71}.Debug|iPhone.ActiveCfg = Debug|iPhone
		{6C8D5EDF-DC0B-405E-90B3-45D8A6430C71}.Debug|iPhone.Build.0 = Debug|iPhone
		{6C8D5EDF-DC0B-405E-90B3-45D8A6430C71}.Debug|iPhone.Deploy.0 = Debug|iPhone
		{6C8D5EDF-DC0B-405E-90B3-45D8A6430C71}.Debug|iPhoneSimulator.ActiveCfg = Debug|iPhoneSimulator
		{6C8D5EDF-DC0B-405E-90B3-45D8A6430C71}.Debug|iPhoneSimulator.Build.0 = Debug|iPhoneSimulator
		{6C8D5EDF-DC0B-405E-90B3-45D8A6430C71}.Debug|iPhoneSimulator.Deploy.0 = Debug|iPhoneSimulator
		{6C8D5EDF-DC0B-405E-90B3-45D8A6430C71}.Release|Any CPU.ActiveCfg = Release|iPhoneSimulator
		{6C8D5EDF-DC0B-405E-90B3-45D8A6430C71}.Release|Any CPU.Build.0 = Release|iPhoneSimulator
		{6C8D5EDF-DC0B-405E-90B3-45D8A6430C71}.Release|Any CPU.Deploy.0 = Release|iPhoneSimulator
		{6C8D5EDF-DC0B-405E-90B3-45D8A6430C71}.Release|iPhone.ActiveCfg = Release|iPhone
		{6C8D5EDF-DC0B-405E-90B3-45D8A6430C71}.Release|iPhone.Build.0 = Release|iPhone
		{6C8D5EDF-DC0B-405E-90B3-45D8A6430C71}.Release|iPhone.Deploy.0 = Release|iPhone
		{6C8D5EDF-DC0B-405E-90B3-45D8A6430C71}.Release|iPhoneSimulator.ActiveCfg = Release|iPhoneSimulator
		{6C8D5EDF-DC0B-405E-90B3-45D8A6430C71}.Release|iPhoneSimulator.Build.0 = Release|iPhoneSimulator
		{6C8D5EDF-DC0B-405E-90B3-45D8A6430C71}.Release|iPhoneSimulator.Deploy.0 = Release|iPhoneSimulator
		{47E2B1BF-DAB5-4E9A-8679-E968A5321E18}.Debug|Any CPU.ActiveCfg = Debug|Any CPU
		{47E2B1BF-DAB5-4E9A-8679-E968A5321E18}.Debug|Any CPU.Build.0 = Debug|Any CPU
		{47E2B1BF-DAB5-4E9A-8679-E968A5321E18}.Debug|Any CPU.Deploy.0 = Debug|Any CPU
		{47E2B1BF-DAB5-4E9A-8679-E968A5321E18}.Debug|iPhone.ActiveCfg = Debug|Any CPU
		{47E2B1BF-DAB5-4E9A-8679-E968A5321E18}.Debug|iPhone.Build.0 = Debug|Any CPU
		{47E2B1BF-DAB5-4E9A-8679-E968A5321E18}.Debug|iPhone.Deploy.0 = Debug|Any CPU
		{47E2B1BF-DAB5-4E9A-8679-E968A5321E18}.Debug|iPhoneSimulator.ActiveCfg = Debug|Any CPU
		{47E2B1BF-DAB5-4E9A-8679-E968A5321E18}.Debug|iPhoneSimulator.Build.0 = Debug|Any CPU
		{47E2B1BF-DAB5-4E9A-8679-E968A5321E18}.Debug|iPhoneSimulator.Deploy.0 = Debug|Any CPU
		{47E2B1BF-DAB5-4E9A-8679-E968A5321E18}.Release|Any CPU.ActiveCfg = Release|Any CPU
		{47E2B1BF-DAB5-4E9A-8679-E968A5321E18}.Release|Any CPU.Build.0 = Release|Any CPU
		{47E2B1BF-DAB5-4E9A-8679-E968A5321E18}.Release|Any CPU.Deploy.0 = Release|Any CPU
		{47E2B1BF-DAB5-4E9A-8679-E968A5321E18}.Release|iPhone.ActiveCfg = Release|Any CPU
		{47E2B1BF-DAB5-4E9A-8679-E968A5321E18}.Release|iPhone.Build.0 = Release|Any CPU
		{47E2B1BF-DAB5-4E9A-8679-E968A5321E18}.Release|iPhone.Deploy.0 = Release|Any CPU
		{47E2B1BF-DAB5-4E9A-8679-E968A5321E18}.Release|iPhoneSimulator.ActiveCfg = Release|Any CPU
		{47E2B1BF-DAB5-4E9A-8679-E968A5321E18}.Release|iPhoneSimulator.Build.0 = Release|Any CPU
		{47E2B1BF-DAB5-4E9A-8679-E968A5321E18}.Release|iPhoneSimulator.Deploy.0 = Release|Any CPU
	EndGlobalSection
	GlobalSection(SolutionProperties) = preSolution
		HideSolutionNode = FALSE
	EndGlobalSection
	GlobalSection(ExtensibilityGlobals) = postSolution
		SolutionGuid = {F00822A0-D360-44A1-A522-266851D8DD83}
	EndGlobalSection
EndGlobal
